{
  "lockfileVersion": 1,
  "configVersion": 0,
  "workspaces": {
    "": {
      "name": "exa-cli",
      "dependencies": {
        "exa-js": "2.11.0",
      },
      "devDependencies": {
        "@biomejs/biome": "2.4.10",
        "bun-types": "1.3.11",
        "lefthook": "2.1.5",
        "typescript": "6.0.2",
      },
    },
  },
  "packages": {
    "@biomejs/biome": ["@biomejs/biome@2.4.10", "", { "optionalDependencies": { "@biomejs/cli-darwin-arm64": "2.4.10", "@biomejs/cli-darwin-x64": "2.4.10", "@biomejs/cli-linux-arm64": "2.4.10", "@biomejs/cli-linux-arm64-musl": "2.4.10", "@biomejs/cli-linux-x64": "2.4.10", "@biomejs/cli-linux-x64-musl": "2.4.10", "@biomejs/cli-win32-arm64": "2.4.10", "@biomejs/cli-win32-x64": "2.4.10" }, "bin": { "biome": "bin/biome" } }, "sha512-xxA3AphFQ1geij4JTHXv4EeSTda1IFn22ye9LdyVPoJU19fNVl0uzfEuhsfQ4Yue/0FaLs2/ccVi4UDiE7R30w=="],

    "@biomejs/cli-darwin-arm64": ["@biomejs/cli-darwin-arm64@2.4.10", "", { "os": "darwin", "cpu": "arm64" }, "sha512-vuzzI1cWqDVzOMIkYyHbKqp+AkQq4K7k+UCXWpkYcY/HDn1UxdsbsfgtVpa40shem8Kax4TLDLlx8kMAecgqiw=="],

    "@biomejs/cli-darwin-x64": ["@biomejs/cli-darwin-x64@2.4.10", "", { "os": "darwin", "cpu": "x64" }, "sha512-14fzASRo+BPotwp7nWULy2W5xeUyFnTaq1V13Etrrxkrih+ez/2QfgFm5Ehtf5vSjtgx/IJycMMpn5kPd5ZNaA=="],

    "@biomejs/cli-linux-arm64": ["@biomejs/cli-linux-arm64@2.4.10", "", { "os": "linux", "cpu": "arm64" }, "sha512-7MH1CMW5uuxQ/s7FLST63qF8B3Hgu2HRdZ7tA1X1+mk+St4JOuIrqdhIBnnyqeyWJNI+Bww7Es5QZ0wIc1Cmkw=="],

    "@biomejs/cli-linux-arm64-musl": ["@biomejs/cli-linux-arm64-musl@2.4.10", "", { "os": "linux", "cpu": "arm64" }, "sha512-WrJY6UuiSD/Dh+nwK2qOTu8kdMDlLV3dLMmychIghHPAysWFq1/DGC1pVZx8POE3ZkzKR3PUUnVrtZfMfaJjyQ=="],

    "@biomejs/cli-linux-x64": ["@biomejs/cli-linux-x64@2.4.10", "", { "os": "linux", "cpu": "x64" }, "sha512-tZLvEEi2u9Xu1zAqRjTcpIDGVtldigVvzug2fTuPG0ME/g8/mXpRPcNgLB22bGn6FvLJpHHnqLnwliOu8xjYrg=="],

    "@biomejs/cli-linux-x64-musl": ["@biomejs/cli-linux-x64-musl@2.4.10", "", { "os": "linux", "cpu": "x64" }, "sha512-kDTi3pI6PBN6CiczsWYOyP2zk0IJI08EWEQyDMQWW221rPaaEz6FvjLhnU07KMzLv8q3qSuoB93ua6inSQ55Tw=="],

    "@biomejs/cli-win32-arm64": ["@biomejs/cli-win32-arm64@2.4.10", "", { "os": "win32", "cpu": "arm64" }, "sha512-umwQU6qPzH+ISTf/eHyJ/QoQnJs3V9Vpjz2OjZXe9MVBZ7prgGafMy7yYeRGnlmDAn87AKTF3Q6weLoMGpeqdQ=="],

    "@biomejs/cli-win32-x64": ["@biomejs/cli-win32-x64@2.4.10", "", { "os": "win32", "cpu": "x64" }, "sha512-aW/JU5GuyH4uxMrNYpoC2kjaHlyJGLgIa3XkhPEZI0uKhZhJZU8BuEyJmvgzSPQNGozBwWjC972RaNdcJ9KyJg=="],

    "@types/node": ["@types/node@25.2.3", "", { "dependencies": { "undici-types": "~7.16.0" } }, "sha512-m0jEgYlYz+mDJZ2+F4v8D1AyQb+QzsNqRuI7xg1VQX/KlKS0qT9r1Mo16yo5F/MtifXFgaofIFsdFMox2SxIbQ=="],

    "bun-types": ["bun-types@1.3.11", "", { "dependencies": { "@types/node": "*" } }, "sha512-1KGPpoxQWl9f6wcZh57LvrPIInQMn2TQ7jsgxqpRzg+l0QPOFvJVH7HmvHo/AiPgwXy+/Thf6Ov3EdVn1vOabg=="],

    "cross-fetch": ["cross-fetch@4.1.0", "", { "dependencies": { "node-fetch": "^2.7.0" } }, "sha512-uKm5PU+MHTootlWEY+mZ4vvXoCn4fLQxT9dSc1sXVMSFkINTJVN8cAQROpwcKm8bJ/c7rgZVIBWzH5T78sNZZw=="],

    "dotenv": ["dotenv@16.4.7", "", {}, "sha512-47qPchRCykZC03FhkYAhrvwU4xDBFIj1QPqaarj6mdM/hgUzfPHcpkHJOn3mJAufFeeAxAzeGsr5X0M4k6fLZQ=="],

    "exa-js": ["exa-js@2.11.0", "", { "dependencies": { "cross-fetch": "~4.1.0", "dotenv": "~16.4.7", "openai": "^5.0.1", "zod": "^3.22.0", "zod-to-json-schema": "^3.20.0" } }, "sha512-sPlcX96QgSYquUh3C8v/LQZdqGNN68B4h5rJKIb1J1DpoFpEsPm31Hg+/juby+QNQiauH22G/M2+yeMuNbWKQA=="],

    "lefthook": ["lefthook@2.1.5", "", { "optionalDependencies": { "lefthook-darwin-arm64": "2.1.5", "lefthook-darwin-x64": "2.1.5", "lefthook-freebsd-arm64": "2.1.5", "lefthook-freebsd-x64": "2.1.5", "lefthook-linux-arm64": "2.1.5", "lefthook-linux-x64": "2.1.5", "lefthook-openbsd-arm64": "2.1.5", "lefthook-openbsd-x64": "2.1.5", "lefthook-windows-arm64": "2.1.5", "lefthook-windows-x64": "2.1.5" }, "bin": { "lefthook": "bin/index.js" } }, "sha512-yB9IFWurFllusbPZqvG0EavTmpNXPya2MuO7Li7YT78xAj3uCQ3AgmW9TVUbTTsSMhsegbiAMRpwfEk2TP1P0A=="],

    "lefthook-darwin-arm64": ["lefthook-darwin-arm64@2.1.5", "", { "os": "darwin", "cpu": "arm64" }, "sha512-VITTaw8PxxyE26gkZ8UcwIa5ZrWnKNRGLeeSrqri40cQdXvLTEoMq2tjjw7eiL9UcB0waRReDdzydevy9GOPUQ=="],

    "lefthook-darwin-x64": ["lefthook-darwin-x64@2.1.5", "", { "os": "darwin", "cpu": "x64" }, "sha512-AvtjYiW0BSGHBGrdvL313seUymrW9FxI+6JJwJ+ZSaa2sH81etrTB0wAwlH1L9VfFwK9+gWvatZBvLfF3L4fPw=="],

    "lefthook-freebsd-arm64": ["lefthook-freebsd-arm64@2.1.5", "", { "os": "freebsd", "cpu": "arm64" }, "sha512-mXjJwe8jKGWGiBYUxfQY1ab3Nn5NhafqT9q3KJz8m5joGGQj4JD0cbWxF1nVBLBWsDGbWZRZunTCMGcIScT2bQ=="],

    "lefthook-freebsd-x64": ["lefthook-freebsd-x64@2.1.5", "", { "os": "freebsd", "cpu": "x64" }, "sha512-exD69dCjc1K45BxatDPGoH4NmEvgLKPm4kJLOWn1fTeHRKZwWiFPwnjknEoG2OemlCDHmCU++5X40kMEG0WBlA=="],

    "lefthook-linux-arm64": ["lefthook-linux-arm64@2.1.5", "", { "os": "linux", "cpu": "arm64" }, "sha512-57TDKC5ewWpsCLZQKIJMHumFEObYKVundmPpiWhX491hINRZYYOL/26yrnVnNcidThRzTiTC+HLcuplLcaXtbA=="],

    "lefthook-linux-x64": ["lefthook-linux-x64@2.1.5", "", { "os": "linux", "cpu": "x64" }, "sha512-bqK3LrAB5l5YaCaoHk6qRWlITrGWzP4FbwRxA31elbxjd0wgNWZ2Sn3zEfSEcxz442g7/PPkEwqqsTx0kSFzpg=="],

    "lefthook-openbsd-arm64": ["lefthook-openbsd-arm64@2.1.5", "", { "os": "openbsd", "cpu": "arm64" }, "sha512-5aSwK7vV3A6t0w9PnxCMiVjQlcvopBP50BtmnnLnNJyAYHnFbZ0Baq5M0WkE9IsUkWSux0fe6fd0jDkuG711MA=="],

    "lefthook-openbsd-x64": ["lefthook-openbsd-x64@2.1.5", "", { "os": "openbsd", "cpu": "x64" }, "sha512-Y+pPdDuENJ8qWnUgL02xxhpjblc0WnwXvWGfqnl3WZrAgHzQpwx3G6469RID/wlNVdHYAlw3a8UkFSMYsTzXvA=="],

    "lefthook-windows-arm64": ["lefthook-windows-arm64@2.1.5", "", { "os": "win32", "cpu": "arm64" }, "sha512-2PlcFBjTzJaMufw0c28kfhB/0zmaRCU0TRPPsil/HU2YNOExod4upPGLk9qjgsOmb2YVWFz6zq6u7+D1yqmzTQ=="],

    "lefthook-windows-x64": ["lefthook-windows-x64@2.1.5", "", { "os": "win32", "cpu": "x64" }, "sha512-yiAh8qxml6uqy10jDxOdN9fOQpyLxBFY1fgCEAhn7sVJYmJKRhjqSBwZX6LG5MQjzr29KStrIdw7TR3lf3rT7Q=="],

    "node-fetch": ["node-fetch@2.7.0", "", { "dependencies": { "whatwg-url": "^5.0.0" }, "peerDependencies": { "encoding": "^0.1.0" }, "optionalPeers": ["encoding"] }, "sha512-c4FRfUm/dbcWZ7U+1Wq0AwCyFL+3nt2bEw05wfxSz+DWpWsitgmSgYmy2dQdWyKC1694ELPqMs/YzUSNozLt8A=="],

    "openai": ["openai@5.23.2", "", { "peerDependencies": { "ws": "^8.18.0", "zod": "^3.23.8" }, "optionalPeers": ["ws", "zod"], "bin": { "openai": "bin/cli" } }, "sha512-MQBzmTulj+MM5O8SKEk/gL8a7s5mktS9zUtAkU257WjvobGc9nKcBuVwjyEEcb9SI8a8Y2G/mzn3vm9n1Jlleg=="],

    "tr46": ["tr46@0.0.3", "", {}, "sha512-N3WMsuqV66lT30CrXNbEjx4GEwlow3v6rr4mCcv6prnfwhS01rkgyFdjPNBYd9br7LpXV1+Emh01fHnq2Gdgrw=="],

    "typescript": ["typescript@6.0.2", "", { "bin": { "tsc": "bin/tsc", "tsserver": "bin/tsserver" } }, "sha512-bGdAIrZ0wiGDo5l8c++HWtbaNCWTS4UTv7RaTH/ThVIgjkveJt83m74bBHMJkuCbslY8ixgLBVZJIOiQlQTjfQ=="],

    "undici-types": ["undici-types@7.16.0", "", {}, "sha512-Zz+aZWSj8LE6zoxD+xrjh4VfkIG8Ya6LvYkZqtUQGJPZjYl53ypCaUwWqo7eI0x66KBGeRo+mlBEkMSeSZ38Nw=="],

    "webidl-conversions": ["webidl-conversions@3.0.1", "", {}, "sha512-2JAn3z8AR6rjK8Sm8orRC0h/bcl/DqL7tRPdGZ4I1CjdF+EaMLmYxBHyXuKL849eucPFhvBoxMsflfOb8kxaeQ=="],

    "whatwg-url": ["whatwg-url@5.0.0", "", { "dependencies": { "tr46": "~0.0.3", "webidl-conversions": "^3.0.0" } }, "sha512-saE57nupxk6v3HY35+jzBwYa0rKSy0XR8JSxZPwgLr7ys0IBzhGviA1/TUGJLmSVqs8pb9AnvICXEuOHLprYTw=="],

    "zod": ["zod@3.25.76", "", {}, "sha512-gzUt/qt81nXsFGKIFcC3YnfEAx5NkunCfnDlvuBSSFS02bcXu4Lmea0AFIUwbLWxWPx3d9p8S5QoaujKcNQxcQ=="],

    "zod-to-json-schema": ["zod-to-json-schema@3.25.1", "", { "peerDependencies": { "zod": "^3.25 || ^4" } }, "sha512-pM/SU9d3YAggzi6MtR4h7ruuQlqKtad8e9S0fmxcMi+ueAK5Korys/aWcV9LIIHTVbj01NdzxcnXSN+O74ZIVA=="],
  }
}
