{
  "lockfileVersion": 1,
  "configVersion": 0,
  "workspaces": {
    "": {
      "name": "exa-cli",
      "dependencies": {
        "exa-js": "2.4.0",
      },
      "devDependencies": {
        "@biomejs/biome": "^2.4.7",
        "bun-types": "^1.3.10",
        "lefthook": "^1.11.0",
        "typescript": "^5.9.3",
      },
    },
  },
  "packages": {
    "@biomejs/biome": ["@biomejs/biome@2.4.10", "", { "optionalDependencies": { "@biomejs/cli-darwin-arm64": "2.4.10", "@biomejs/cli-darwin-x64": "2.4.10", "@biomejs/cli-linux-arm64": "2.4.10", "@biomejs/cli-linux-arm64-musl": "2.4.10", "@biomejs/cli-linux-x64": "2.4.10", "@biomejs/cli-linux-x64-musl": "2.4.10", "@biomejs/cli-win32-arm64": "2.4.10", "@biomejs/cli-win32-x64": "2.4.10" }, "bin": { "biome": "bin/biome" } }, "sha512-xxA3AphFQ1geij4JTHXv4EeSTda1IFn22ye9LdyVPoJU19fNVl0uzfEuhsfQ4Yue/0FaLs2/ccVi4UDiE7R30w=="],

    "@biomejs/cli-darwin-arm64": ["@biomejs/cli-darwin-arm64@2.4.10", "", { "os": "darwin", "cpu": "arm64" }, "sha512-vuzzI1cWqDVzOMIkYyHbKqp+AkQq4K7k+UCXWpkYcY/HDn1UxdsbsfgtVpa40shem8Kax4TLDLlx8kMAecgqiw=="],

    "@biomejs/cli-darwin-x64": ["@biomejs/cli-darwin-x64@2.4.10", "", { "os": "darwin", "cpu": "x64" }, "sha512-14fzASRo+BPotwp7nWULy2W5xeUyFnTaq1V13Etrrxkrih+ez/2QfgFm5Ehtf5vSjtgx/IJycMMpn5kPd5ZNaA=="],

    "@biomejs/cli-linux-arm64": ["@biomejs/cli-linux-arm64@2.4.10", "", { "os": "linux", "cpu": "arm64" }, "sha512-7MH1CMW5uuxQ/s7FLST63qF8B3Hgu2HRdZ7tA1X1+mk+St4JOuIrqdhIBnnyqeyWJNI+Bww7Es5QZ0wIc1Cmkw=="],

    "@biomejs/cli-linux-arm64-musl": ["@biomejs/cli-linux-arm64-musl@2.4.10", "", { "os": "linux", "cpu": "arm64" }, "sha512-WrJY6UuiSD/Dh+nwK2qOTu8kdMDlLV3dLMmychIghHPAysWFq1/DGC1pVZx8POE3ZkzKR3PUUnVrtZfMfaJjyQ=="],

    "@biomejs/cli-linux-x64": ["@biomejs/cli-linux-x64@2.4.10", "", { "os": "linux", "cpu": "x64" }, "sha512-tZLvEEi2u9Xu1zAqRjTcpIDGVtldigVvzug2fTuPG0ME/g8/mXpRPcNgLB22bGn6FvLJpHHnqLnwliOu8xjYrg=="],

    "@biomejs/cli-linux-x64-musl": ["@biomejs/cli-linux-x64-musl@2.4.10", "", { "os": "linux", "cpu": "x64" }, "sha512-kDTi3pI6PBN6CiczsWYOyP2zk0IJI08EWEQyDMQWW221rPaaEz6FvjLhnU07KMzLv8q3qSuoB93ua6inSQ55Tw=="],

    "@biomejs/cli-win32-arm64": ["@biomejs/cli-win32-arm64@2.4.10", "", { "os": "win32", "cpu": "arm64" }, "sha512-umwQU6qPzH+ISTf/eHyJ/QoQnJs3V9Vpjz2OjZXe9MVBZ7prgGafMy7yYeRGnlmDAn87AKTF3Q6weLoMGpeqdQ=="],

    "@biomejs/cli-win32-x64": ["@biomejs/cli-win32-x64@2.4.10", "", { "os": "win32", "cpu": "x64" }, "sha512-aW/JU5GuyH4uxMrNYpoC2kjaHlyJGLgIa3XkhPEZI0uKhZhJZU8BuEyJmvgzSPQNGozBwWjC972RaNdcJ9KyJg=="],

    "@types/node": ["@types/node@25.2.3", "", { "dependencies": { "undici-types": "~7.16.0" } }, "sha512-m0jEgYlYz+mDJZ2+F4v8D1AyQb+QzsNqRuI7xg1VQX/KlKS0qT9r1Mo16yo5F/MtifXFgaofIFsdFMox2SxIbQ=="],

    "bun-types": ["bun-types@1.3.11", "", { "dependencies": { "@types/node": "*" } }, "sha512-1KGPpoxQWl9f6wcZh57LvrPIInQMn2TQ7jsgxqpRzg+l0QPOFvJVH7HmvHo/AiPgwXy+/Thf6Ov3EdVn1vOabg=="],

    "cross-fetch": ["cross-fetch@4.1.0", "", { "dependencies": { "node-fetch": "^2.7.0" } }, "sha512-uKm5PU+MHTootlWEY+mZ4vvXoCn4fLQxT9dSc1sXVMSFkINTJVN8cAQROpwcKm8bJ/c7rgZVIBWzH5T78sNZZw=="],

    "dotenv": ["dotenv@16.4.7", "", {}, "sha512-47qPchRCykZC03FhkYAhrvwU4xDBFIj1QPqaarj6mdM/hgUzfPHcpkHJOn3mJAufFeeAxAzeGsr5X0M4k6fLZQ=="],

    "exa-js": ["exa-js@2.4.0", "", { "dependencies": { "cross-fetch": "~4.1.0", "dotenv": "~16.4.7", "openai": "^5.0.1", "zod": "^3.22.0", "zod-to-json-schema": "^3.20.0" } }, "sha512-zOFClWWZnh9wyUN3xiBgbhuT8DsS62uZJY+P9toN4KgxyCRQma7aU89/7UCtrXNwq5kEFAACw4eualXcTKjiAQ=="],

    "lefthook": ["lefthook@1.13.6", "", { "optionalDependencies": { "lefthook-darwin-arm64": "1.13.6", "lefthook-darwin-x64": "1.13.6", "lefthook-freebsd-arm64": "1.13.6", "lefthook-freebsd-x64": "1.13.6", "lefthook-linux-arm64": "1.13.6", "lefthook-linux-x64": "1.13.6", "lefthook-openbsd-arm64": "1.13.6", "lefthook-openbsd-x64": "1.13.6", "lefthook-windows-arm64": "1.13.6", "lefthook-windows-x64": "1.13.6" }, "bin": { "lefthook": "bin/index.js" } }, "sha512-ojj4/4IJ29Xn4drd5emqVgilegAPN3Kf0FQM2p/9+lwSTpU+SZ1v4Ig++NF+9MOa99UKY8bElmVrLhnUUNFh5g=="],

    "lefthook-darwin-arm64": ["lefthook-darwin-arm64@1.13.6", "", { "os": "darwin", "cpu": "arm64" }, "sha512-m6Lb77VGc84/Qo21Lhq576pEvcgFCnvloEiP02HbAHcIXD0RTLy9u2yAInrixqZeaz13HYtdDaI7OBYAAdVt8A=="],

    "lefthook-darwin-x64": ["lefthook-darwin-x64@1.13.6", "", { "os": "darwin", "cpu": "x64" }, "sha512-CoRpdzanu9RK3oXR1vbEJA5LN7iB+c7hP+sONeQJzoOXuq4PNKVtEaN84Gl1BrVtCNLHWFAvCQaZPPiiXSy8qg=="],

    "lefthook-freebsd-arm64": ["lefthook-freebsd-arm64@1.13.6", "", { "os": "freebsd", "cpu": "arm64" }, "sha512-X4A7yfvAJ68CoHTqP+XvQzdKbyd935sYy0bQT6Ajz7FL1g7hFiro8dqHSdPdkwei9hs8hXeV7feyTXbYmfjKQQ=="],

    "lefthook-freebsd-x64": ["lefthook-freebsd-x64@1.13.6", "", { "os": "freebsd", "cpu": "x64" }, "sha512-ai2m+Sj2kGdY46USfBrCqLKe9GYhzeq01nuyDYCrdGISePeZ6udOlD1k3lQKJGQCHb0bRz4St0r5nKDSh1x/2A=="],

    "lefthook-linux-arm64": ["lefthook-linux-arm64@1.13.6", "", { "os": "linux", "cpu": "arm64" }, "sha512-cbo4Wtdq81GTABvikLORJsAWPKAJXE8Q5RXsICFUVznh5PHigS9dFW/4NXywo0+jfFPCT6SYds2zz4tCx6DA0Q=="],

    "lefthook-linux-x64": ["lefthook-linux-x64@1.13.6", "", { "os": "linux", "cpu": "x64" }, "sha512-uJl9vjCIIBTBvMZkemxCE+3zrZHlRO7Oc+nZJ+o9Oea3fu+W82jwX7a7clw8jqNfaeBS+8+ZEQgiMHWCloTsGw=="],

    "lefthook-openbsd-arm64": ["lefthook-openbsd-arm64@1.13.6", "", { "os": "openbsd", "cpu": "arm64" }, "sha512-7r153dxrNRQ9ytRs2PmGKKkYdvZYFPre7My7XToSTiRu5jNCq++++eAKVkoyWPduk97dGIA+YWiEr5Noe0TK2A=="],

    "lefthook-openbsd-x64": ["lefthook-openbsd-x64@1.13.6", "", { "os": "openbsd", "cpu": "x64" }, "sha512-Z+UhLlcg1xrXOidK3aLLpgH7KrwNyWYE3yb7ITYnzJSEV8qXnePtVu8lvMBHs/myzemjBzeIr/U/+ipjclR06g=="],

    "lefthook-windows-arm64": ["lefthook-windows-arm64@1.13.6", "", { "os": "win32", "cpu": "arm64" }, "sha512-Uxef6qoDxCmUNQwk8eBvddYJKSBFglfwAY9Y9+NnnmiHpWTjjYiObE9gT2mvGVpEgZRJVAatBXc+Ha5oDD/OgQ=="],

    "lefthook-windows-x64": ["lefthook-windows-x64@1.13.6", "", { "os": "win32", "cpu": "x64" }, "sha512-mOZoM3FQh3o08M8PQ/b3IYuL5oo36D9ehczIw1dAgp1Ly+Tr4fJ96A+4SEJrQuYeRD4mex9bR7Ps56I73sBSZA=="],

    "node-fetch": ["node-fetch@2.7.0", "", { "dependencies": { "whatwg-url": "^5.0.0" }, "peerDependencies": { "encoding": "^0.1.0" }, "optionalPeers": ["encoding"] }, "sha512-c4FRfUm/dbcWZ7U+1Wq0AwCyFL+3nt2bEw05wfxSz+DWpWsitgmSgYmy2dQdWyKC1694ELPqMs/YzUSNozLt8A=="],

    "openai": ["openai@5.23.2", "", { "peerDependencies": { "ws": "^8.18.0", "zod": "^3.23.8" }, "optionalPeers": ["ws", "zod"], "bin": { "openai": "bin/cli" } }, "sha512-MQBzmTulj+MM5O8SKEk/gL8a7s5mktS9zUtAkU257WjvobGc9nKcBuVwjyEEcb9SI8a8Y2G/mzn3vm9n1Jlleg=="],

    "tr46": ["tr46@0.0.3", "", {}, "sha512-N3WMsuqV66lT30CrXNbEjx4GEwlow3v6rr4mCcv6prnfwhS01rkgyFdjPNBYd9br7LpXV1+Emh01fHnq2Gdgrw=="],

    "typescript": ["typescript@5.9.3", "", { "bin": { "tsc": "bin/tsc", "tsserver": "bin/tsserver" } }, "sha512-jl1vZzPDinLr9eUt3J/t7V6FgNEw9QjvBPdysz9KfQDD41fQrC2Y4vKQdiaUpFT4bXlb1RHhLpp8wtm6M5TgSw=="],

    "undici-types": ["undici-types@7.16.0", "", {}, "sha512-Zz+aZWSj8LE6zoxD+xrjh4VfkIG8Ya6LvYkZqtUQGJPZjYl53ypCaUwWqo7eI0x66KBGeRo+mlBEkMSeSZ38Nw=="],

    "webidl-conversions": ["webidl-conversions@3.0.1", "", {}, "sha512-2JAn3z8AR6rjK8Sm8orRC0h/bcl/DqL7tRPdGZ4I1CjdF+EaMLmYxBHyXuKL849eucPFhvBoxMsflfOb8kxaeQ=="],

    "whatwg-url": ["whatwg-url@5.0.0", "", { "dependencies": { "tr46": "~0.0.3", "webidl-conversions": "^3.0.0" } }, "sha512-saE57nupxk6v3HY35+jzBwYa0rKSy0XR8JSxZPwgLr7ys0IBzhGviA1/TUGJLmSVqs8pb9AnvICXEuOHLprYTw=="],

    "zod": ["zod@3.25.76", "", {}, "sha512-gzUt/qt81nXsFGKIFcC3YnfEAx5NkunCfnDlvuBSSFS02bcXu4Lmea0AFIUwbLWxWPx3d9p8S5QoaujKcNQxcQ=="],

    "zod-to-json-schema": ["zod-to-json-schema@3.25.1", "", { "peerDependencies": { "zod": "^3.25 || ^4" } }, "sha512-pM/SU9d3YAggzi6MtR4h7ruuQlqKtad8e9S0fmxcMi+ueAK5Korys/aWcV9LIIHTVbj01NdzxcnXSN+O74ZIVA=="],
  }
}
